
Microsoft Visual Studio Solution File, Format Version 12.00
# Visual Studio Version 17
VisualStudioVersion = 17.10.35004.147
MinimumVisualStudioVersion = 10.0.40219.1
Project("{FAE04EC0-301F-11D3-BF4B-00C04F79EFBC}") = "BulkyWeb", "BulkyWeb\BulkyWeb.csproj", "{D02DA90A-CE05-46B9-A602-9B3DF1AB64F1}"
EndProject
Global
	GlobalSection(SolutionConfigurationPlatforms) = preSolution
		Debug|Any CPU = Debug|Any CPU
		Release|Any CPU = Release|Any CPU
	EndGlobalSection
	GlobalSection(ProjectConfigurationPlatforms) = postSolution
		{D02DA90A-CE05-46B9-A602-9B3DF1AB64F1}.Debug|Any CPU.ActiveCfg = Debug|Any CPU
		{D02DA90A-CE05-46B9-A602-9B3DF1AB64F1}.Debug|Any CPU.Build.0 = Debug|Any CPU
		{D02DA90A-CE05-46B9-A602-9B3DF1AB64F1}.Release|Any CPU.ActiveCfg = Release|Any CPU
		{D02DA90A-CE05-46B9-A602-9B3DF1AB64F1}.Release|Any CPU.Build.0 = Release|Any CPU
	EndGlobalSection
	GlobalSection(SolutionProperties) = preSolution
		HideSolutionNode = FALSE
	EndGlobalSection
	GlobalSection(ExtensibilityGlobals) = postSolution
		SolutionGuid = {B32C9750-96F5-4CB9-B201-477A11DE37E2}
	EndGlobalSection
EndGlobal
